
Microsoft Visual Studio Solution File, Format Version 12.00
# Visual Studio 15
Project("{8BC9CEB8-8B4A-11D0-8D11-00A0C91BC942}") = "ambiBIN_generic", "WwisePlugin\ambiBIN_generic_Authoring_Windows_vc150.vcxproj", "{FFCB475F-8615-7D96-F59C-E2744F437107}"
	ProjectSection(ProjectDependencies) = postProject
		{75FB85A4-9C7C-3090-1AE9-91CDAB9C7841} = {75FB85A4-9C7C-3090-1AE9-91CDAB9C7841}
	EndProjectSection
EndProject
Project("{8BC9CEB8-8B4A-11D0-8D11-00A0C91BC942}") = "ambiBIN_genericFX", "SoundEnginePlugin\ambiBIN_generic_Windows_vc150_static.vcxproj", "{75FB85A4-9C7C-3090-1AE9-91CDAB9C7841}"
EndProject
Global
	GlobalSection(SolutionConfigurationPlatforms) = preSolution
		Debug|x64 = Debug|x64
		Release|x64 = Release|x64
	EndGlobalSection
	GlobalSection(ProjectConfigurationPlatforms) = postSolution
		{FFCB475F-8615-7D96-F59C-E2744F437107}.Debug|x64.ActiveCfg = Debug|x64
		{FFCB475F-8615-7D96-F59C-E2744F437107}.Debug|x64.Build.0 = Debug|x64
		{FFCB475F-8615-7D96-F59C-E2744F437107}.Release|x64.ActiveCfg = Release|x64
		{FFCB475F-8615-7D96-F59C-E2744F437107}.Release|x64.Build.0 = Release|x64
		{75FB85A4-9C7C-3090-1AE9-91CDAB9C7841}.Debug|x64.ActiveCfg = Debug|x64
		{75FB85A4-9C7C-3090-1AE9-91CDAB9C7841}.Debug|x64.Build.0 = Debug|x64
		{75FB85A4-9C7C-3090-1AE9-91CDAB9C7841}.Release|x64.ActiveCfg = Profile|x64
		{75FB85A4-9C7C-3090-1AE9-91CDAB9C7841}.Release|x64.Build.0 = Profile|x64
	EndGlobalSection
	GlobalSection(SolutionProperties) = preSolution
		HideSolutionNode = FALSE
	EndGlobalSection
EndGlobal
